dependencies:
  dhara:
    dependencies: []
    source:
      path: /home/aczerwinski/workspace/esp/esp-heater-controller/deps/idf-extra-components/dhara
      type: local
    version: 0.1.0
  espressif/nghttp:
    dependencies:
    - name: idf
      version: '>=5.0'
    source:
      path: /home/aczerwinski/workspace/esp/esp-heater-controller/deps/idf-extra-components/nghttp
      type: local
    version: 1.62.1
  idf:
    source:
      type: idf
    version: 5.4.0
  jsmn:
    dependencies: []
    source:
      path: /home/aczerwinski/workspace/esp/esp-heater-controller/deps/idf-extra-components/jsmn
      type: local
    version: 1.1.0
  zlib:
    dependencies: []
    source:
      path: /home/aczerwinski/workspace/esp/esp-heater-controller/deps/idf-extra-components/zlib
      type: local
    version: 1.3.1
direct_dependencies:
- dhara
- espressif/nghttp
- idf
- jsmn
- zlib
manifest_hash: 7d32a9242a8cd5858fdd130ea60fa5efddbc9d0cc4326ba143d2050efbdbebac
target: esp32
version: 2.0.0
